// !$*UTF8*$!
{
	archiveVersion = 1;
	classes = {
	};
	objectVersion = 46;
	objects = {

/* Begin PBXBuildFile section */
		775D0DA61F5D6765002173EA /* AppDelegate.swift in Sources */ = {isa = PBXBuildFile; fileRef = 775D0DA51F5D6765002173EA /* AppDelegate.swift */; };
		775D0DA81F5D6765002173EA /* ViewController.swift in Sources */ = {isa = PBXBuildFile; fileRef = 775D0DA71F5D6765002173EA /* ViewController.swift */; };
		775D0DAB1F5D6765002173EA /* Main.storyboard in Resources */ = {isa = PBXBuildFile; fileRef = 775D0DA91F5D6765002173EA /* Main.storyboard */; };
		775D0DAD1F5D6765002173EA /* Assets.xcassets in Resources */ = {isa = PBXBuildFile; fileRef = 775D0DAC1F5D6765002173EA /* Assets.xcassets */; };
		775D0DB01F5D6765002173EA /* LaunchScreen.storyboard in Resources */ = {isa = PBXBuildFile; fileRef = 775D0DAE1F5D6765002173EA /* LaunchScreen.storyboard */; };
		775D0DB81F5D7661002173EA /* DetailViewController.swift in Sources */ = {isa = PBXBuildFile; fileRef = 775D0DB71F5D7661002173EA /* DetailViewController.swift */; };
		775D0DBA1F5D7780002173EA /* DragAnimator.swift in Sources */ = {isa = PBXBuildFile; fileRef = 775D0DB91F5D7780002173EA /* DragAnimator.swift */; };
		775D0DBC1F5D862D002173EA /* InteractiveTransition.swift in Sources */ = {isa = PBXBuildFile; fileRef = 775D0DBB1F5D862D002173EA /* InteractiveTransition.swift */; };
		775D0DC01F5E7989002173EA /* UIImage+Extensions.swift in Sources */ = {isa = PBXBuildFile; fileRef = 775D0DBF1F5E7989002173EA /* UIImage+Extensions.swift */; };
/* End PBXBuildFile section */

/* Begin PBXFileReference section */
		775D0DA21F5D6765002173EA /* DraggableViewController.app */ = {isa = PBXFileReference; explicitFileType = wrapper.application; includeInIndex = 0; path = DraggableViewController.app; sourceTree = BUILT_PRODUCTS_DIR; };
		775D0DA51F5D6765002173EA /* AppDelegate.swift */ = {isa = PBXFileReference; lastKnownFileType = sourcecode.swift; path = AppDelegate.swift; sourceTree = "<group>"; };
		775D0DA71F5D6765002173EA /* ViewController.swift */ = {isa = PBXFileReference; lastKnownFileType = sourcecode.swift; path = ViewController.swift; sourceTree = "<group>"; };
		775D0DAA1F5D6765002173EA /* Base */ = {isa = PBXFileReference; lastKnownFileType = file.storyboard; name = Base; path = Base.lproj/Main.storyboard; sourceTree = "<group>"; };
		775D0DAC1F5D6765002173EA /* Assets.xcassets */ = {isa = PBXFileReference; lastKnownFileType = folder.assetcatalog; path = Assets.xcassets; sourceTree = "<group>"; };
		775D0DAF1F5D6765002173EA /* Base */ = {isa = PBXFileReference; lastKnownFileType = file.storyboard; name = Base; path = Base.lproj/LaunchScreen.storyboard; sourceTree = "<group>"; };
		775D0DB11F5D6765002173EA /* Info.plist */ = {isa = PBXFileReference; lastKnownFileType = text.plist.xml; path = Info.plist; sourceTree = "<group>"; };
		775D0DB71F5D7661002173EA /* DetailViewController.swift */ = {isa = PBXFileReference; fileEncoding = 4; lastKnownFileType = sourcecode.swift; path = DetailViewController.swift; sourceTree = "<group>"; };
		775D0DB91F5D7780002173EA /* DragAnimator.swift */ = {isa = PBXFileReference; fileEncoding = 4; lastKnownFileType = sourcecode.swift; path = DragAnimator.swift; sourceTree = "<group>"; };
		775D0DBB1F5D862D002173EA /* InteractiveTransition.swift */ = {isa = PBXFileReference; fileEncoding = 4; lastKnownFileType = sourcecode.swift; path = InteractiveTransition.swift; sourceTree = "<group>"; };
		775D0DBF1F5E7989002173EA /* UIImage+Extensions.swift */ = {isa = PBXFileReference; fileEncoding = 4; lastKnownFileType = sourcecode.swift; path = "UIImage+Extensions.swift"; sourceTree = "<group>"; };
/* End PBXFileReference section */

/* Begin PBXFrameworksBuildPhase section */
		775D0D9F1F5D6765002173EA /* Frameworks */ = {
			isa = PBXFrameworksBuildPhase;
			buildActionMask = 2147483647;
			files = (
			);
			runOnlyForDeploymentPostprocessing = 0;
		};
/* End PBXFrameworksBuildPhase section */

/* Begin PBXGroup section */
		775D0D991F5D6765002173EA = {
			isa = PBXGroup;
			children = (
				775D0DA41F5D6765002173EA /* DraggableViewController */,
				775D0DA31F5D6765002173EA /* Products */,
			);
			sourceTree = "<group>";
		};
		775D0DA31F5D6765002173EA /* Products */ = {
			isa = PBXGroup;
			children = (
				775D0DA21F5D6765002173EA /* DraggableViewController.app */,
			);
			name = Products;
			sourceTree = "<group>";
		};
		775D0DA41F5D6765002173EA /* DraggableViewController */ = {
			isa = PBXGroup;
			children = (
				775D0DA51F5D6765002173EA /* AppDelegate.swift */,
				775D0DA71F5D6765002173EA /* ViewController.swift */,
				775D0DB71F5D7661002173EA /* DetailViewController.swift */,
				775D0DA91F5D6765002173EA /* Main.storyboard */,
				775D0DAC1F5D6765002173EA /* Assets.xcassets */,
				775D0DAE1F5D6765002173EA /* LaunchScreen.storyboard */,
				775D0DB11F5D6765002173EA /* Info.plist */,
				775D0DB91F5D7780002173EA /* DragAnimator.swift */,
				775D0DBB1F5D862D002173EA /* InteractiveTransition.swift */,
				775D0DBF1F5E7989002173EA /* UIImage+Extensions.swift */,
			);
			path = DraggableViewController;
			sourceTree = "<group>";
		};
/* End PBXGroup section */

/* Begin PBXNativeTarget section */
		775D0DA11F5D6765002173EA /* DraggableViewController */ = {
			isa = PBXNativeTarget;
			buildConfigurationList = 775D0DB41F5D6765002173EA /* Build configuration list for PBXNativeTarget "DraggableViewController" */;
			buildPhases = (
				775D0D9E1F5D6765002173EA /* Sources */,
				775D0D9F1F5D6765002173EA /* Frameworks */,
				775D0DA01F5D6765002173EA /* Resources */,
			);
			buildRules = (
			);
			dependencies = (
			);
			name = DraggableViewController;
			productName = DraggableViewController;
			productReference = 775D0DA21F5D6765002173EA /* DraggableViewController.app */;
			productType = "com.apple.product-type.application";
		};
/* End PBXNativeTarget section */

/* Begin PBXProject section */
		775D0D9A1F5D6765002173EA /* Project object */ = {
			isa = PBXProject;
			attributes = {
				LastSwiftUpdateCheck = 0830;
				LastUpgradeCheck = 0830;
				ORGANIZATIONNAME = "Vadim Inc.";
				TargetAttributes = {
					775D0DA11F5D6765002173EA = {
						CreatedOnToolsVersion = 8.3.3;
						DevelopmentTeam = MM4NKSSYPK;
						ProvisioningStyle = Automatic;
					};
				};
			};
			buildConfigurationList = 775D0D9D1F5D6765002173EA /* Build configuration list for PBXProject "DraggableViewController" */;
			compatibilityVersion = "Xcode 3.2";
			developmentRegion = English;
			hasScannedForEncodings = 0;
			knownRegions = (
				en,
				Base,
			);
			mainGroup = 775D0D991F5D6765002173EA;
			productRefGroup = 775D0DA31F5D6765002173EA /* Products */;
			projectDirPath = "";
			projectRoot = "";
			targets = (
				775D0DA11F5D6765002173EA /* DraggableViewController */,
			);
		};
/* End PBXProject section */

/* Begin PBXResourcesBuildPhase section */
		775D0DA01F5D6765002173EA /* Resources */ = {
			isa = PBXResourcesBuildPhase;
			buildActionMask = 2147483647;
			files = (
				775D0DB01F5D6765002173EA /* LaunchScreen.storyboard in Resources */,
				775D0DAD1F5D6765002173EA /* Assets.xcassets in Resources */,
				775D0DAB1F5D6765002173EA /* Main.storyboard in Resources */,
			);
			runOnlyForDeploymentPostprocessing = 0;
		};
/* End PBXResourcesBuildPhase section */

/* Begin PBXSourcesBuildPhase section */
		775D0D9E1F5D6765002173EA /* Sources */ = {
			isa = PBXSourcesBuildPhase;
			buildActionMask = 2147483647;
			files = (
				775D0DB81F5D7661002173EA /* DetailViewController.swift in Sources */,
				775D0DA81F5D6765002173EA /* ViewController.swift in Sources */,
				775D0DBC1F5D862D002173EA /* InteractiveTransition.swift in Sources */,
				775D0DC01F5E7989002173EA /* UIImage+Extensions.swift in Sources */,
				775D0DBA1F5D7780002173EA /* DragAnimator.swift in Sources */,
				775D0DA61F5D6765002173EA /* AppDelegate.swift in Sources */,
			);
			runOnlyForDeploymentPostprocessing = 0;
		};
/* End PBXSourcesBuildPhase section */

/* Begin PBXVariantGroup section */
		775D0DA91F5D6765002173EA /* Main.storyboard */ = {
			isa = PBXVariantGroup;
			children = (
				775D0DAA1F5D6765002173EA /* Base */,
			);
			name = Main.storyboard;
			sourceTree = "<group>";
		};
		775D0DAE1F5D6765002173EA /* LaunchScreen.storyboard */ = {
			isa = PBXVariantGroup;
			children = (
				775D0DAF1F5D6765002173EA /* Base */,
			);
			name = LaunchScreen.storyboard;
			sourceTree = "<group>";
		};
/* End PBXVariantGroup section */

/* Begin XCBuildConfiguration section */
		775D0DB21F5D6765002173EA /* Debug */ = {
			isa = XCBuildConfiguration;
			buildSettings = {
				ALWAYS_SEARCH_USER_PATHS = NO;
				CLANG_ANALYZER_NONNULL = YES;
				CLANG_ANALYZER_NUMBER_OBJECT_CONVERSION = YES_AGGRESSIVE;
				CLANG_CXX_LANGUAGE_STANDARD = "gnu++0x";
				CLANG_CXX_LIBRARY = "libc++";
				CLANG_ENABLE_MODULES = YES;
				CLANG_ENABLE_OBJC_ARC = YES;
				CLANG_WARN_BOOL_CONVERSION = YES;
				CLANG_WARN_CONSTANT_CONVERSION = YES;
				CLANG_WARN_DIRECT_OBJC_ISA_USAGE = YES_ERROR;
				CLANG_WARN_DOCUMENTATION_COMMENTS = YES;
				CLANG_WARN_EMPTY_BODY = YES;
				CLANG_WARN_ENUM_CONVERSION = YES;
				CLANG_WARN_INFINITE_RECURSION = YES;
				CLANG_WARN_INT_CONVERSION = YES;
				CLANG_WARN_OBJC_ROOT_CLASS = YES_ERROR;
				CLANG_WARN_SUSPICIOUS_MOVE = YES;
				CLANG_WARN_UNREACHABLE_CODE = YES;
				CLANG_WARN__DUPLICATE_METHOD_MATCH = YES;
				"CODE_SIGN_IDENTITY[sdk=iphoneos*]" = "iPhone Developer";
				COPY_PHASE_STRIP = NO;
				DEBUG_INFORMATION_FORMAT = dwarf;
				ENABLE_STRICT_OBJC_MSGSEND = YES;
				ENABLE_TESTABILITY = YES;
				GCC_C_LANGUAGE_STANDARD = gnu99;
				GCC_DYNAMIC_NO_PIC = NO;
				GCC_NO_COMMON_BLOCKS = YES;
				GCC_OPTIMIZATION_LEVEL = 0;
				GCC_PREPROCESSOR_DEFINITIONS = (
					"DEBUG=1",
					"$(inherited)",
				);
				GCC_WARN_64_TO_32_BIT_CONVERSION = YES;
				GCC_WARN_ABOUT_RETURN_TYPE = YES_ERROR;
				GCC_WARN_UNDECLARED_SELECTOR = YES;
				GCC_WARN_UNINITIALIZED_AUTOS = YES_AGGRESSIVE;
				GCC_WARN_UNUSED_FUNCTION = YES;
				GCC_WARN_UNUSED_VARIABLE = YES;
				IPHONEOS_DEPLOYMENT_TARGET = 10.3;
				MTL_ENABLE_DEBUG_INFO = YES;
				ONLY_ACTIVE_ARCH = YES;
				SDKROOT = iphoneos;
				SWIFT_ACTIVE_COMPILATION_CONDITIONS = DEBUG;
				SWIFT_OPTIMIZATION_LEVEL = "-Onone";
			};
			name = Debug;
		};
		775D0DB31F5D6765002173EA /* Release */ = {
			isa = XCBuildConfiguration;
			buildSettings = {
				ALWAYS_SEARCH_USER_PATHS = NO;
				CLANG_ANALYZER_NONNULL = YES;
				CLANG_ANALYZER_NUMBER_OBJECT_CONVERSION = YES_AGGRESSIVE;
				CLANG_CXX_LANGUAGE_STANDARD = "gnu++0x";
				CLANG_CXX_LIBRARY = "libc++";
				CLANG_ENABLE_MODULES = YES;
				CLANG_ENABLE_OBJC_ARC = YES;
				CLANG_WARN_BOOL_CONVERSION = YES;
				CLANG_WARN_CONSTANT_CONVERSION = YES;
				CLANG_WARN_DIRECT_OBJC_ISA_USAGE = YES_ERROR;
				CLANG_WARN_DOCUMENTATION_COMMENTS = YES;
				CLANG_WARN_EMPTY_BODY = YES;
				CLANG_WARN_ENUM_CONVERSION = YES;
				CLANG_WARN_INFINITE_RECURSION = YES;
				CLANG_WARN_INT_CONVERSION = YES;
				CLANG_WARN_OBJC_ROOT_CLASS = YES_ERROR;
				CLANG_WARN_SUSPICIOUS_MOVE = YES;
				CLANG_WARN_UNREACHABLE_CODE = YES;
				CLANG_WARN__DUPLICATE_METHOD_MATCH = YES;
				"CODE_SIGN_IDENTITY[sdk=iphoneos*]" = "iPhone Developer";
				COPY_PHASE_STRIP = NO;
				DEBUG_INFORMATION_FORMAT = "dwarf-with-dsym";
				ENABLE_NS_ASSERTIONS = NO;
				ENABLE_STRICT_OBJC_MSGSEND = YES;
				GCC_C_LANGUAGE_STANDARD = gnu99;
				GCC_NO_COMMON_BLOCKS = YES;
				GCC_WARN_64_TO_32_BIT_CONVERSION = YES;
				GCC_WARN_ABOUT_RETURN_TYPE = YES_ERROR;
				GCC_WARN_UNDECLARED_SELECTOR = YES;
				GCC_WARN_UNINITIALIZED_AUTOS = YES_AGGRESSIVE;
				GCC_WARN_UNUSED_FUNCTION = YES;
				GCC_WARN_UNUSED_VARIABLE = YES;
				IPHONEOS_DEPLOYMENT_TARGET = 10.3;
				MTL_ENABLE_DEBUG_INFO = NO;
				SDKROOT = iphoneos;
				SWIFT_OPTIMIZATION_LEVEL = "-Owholemodule";
				VALIDATE_PRODUCT = YES;
			};
			name = Release;
		};
		775D0DB51F5D6765002173EA /* Debug */ = {
			isa = XCBuildConfiguration;
			buildSettings = {
				ASSETCATALOG_COMPILER_APPICON_NAME = AppIcon;
				DEVELOPMENT_TEAM = MM4NKSSYPK;
				INFOPLIST_FILE = DraggableViewController/Info.plist;
				LD_RUNPATH_SEARCH_PATHS = "$(inherited) @executable_path/Frameworks";
				PRODUCT_BUNDLE_IDENTIFIER = com.vadiminc.DraggableViewController;
				PRODUCT_NAME = "$(TARGET_NAME)";
				SWIFT_VERSION = 3.0;
			};
			name = Debug;
		};
		775D0DB61F5D6765002173EA /* Release */ = {
			isa = XCBuildConfiguration;
			buildSettings = {
				ASSETCATALOG_COMPILER_APPICON_NAME = AppIcon;
				DEVELOPMENT_TEAM = MM4NKSSYPK;
				INFOPLIST_FILE = DraggableViewController/Info.plist;
				LD_RUNPATH_SEARCH_PATHS = "$(inherited) @executable_path/Frameworks";
				PRODUCT_BUNDLE_IDENTIFIER = com.vadiminc.DraggableViewController;
				PRODUCT_NAME = "$(TARGET_NAME)";
				SWIFT_VERSION = 3.0;
			};
			name = Release;
		};
/* End XCBuildConfiguration section */

/* Begin XCConfigurationList section */
		775D0D9D1F5D6765002173EA /* Build configuration list for PBXProject "DraggableViewController" */ = {
			isa = XCConfigurationList;
			buildConfigurations = (
				775D0DB21F5D6765002173EA /* Debug */,
				775D0DB31F5D6765002173EA /* Release */,
			);
			defaultConfigurationIsVisible = 0;
			defaultConfigurationName = Release;
		};
		775D0DB41F5D6765002173EA /* Build configuration list for PBXNativeTarget "DraggableViewController" */ = {
			isa = XCConfigurationList;
			buildConfigurations = (
				775D0DB51F5D6765002173EA /* Debug */,
				775D0DB61F5D6765002173EA /* Release */,
			);
			defaultConfigurationIsVisible = 0;
			defaultConfigurationName = Release;
		};
/* End XCConfigurationList section */
	};
	rootObject = 775D0D9A1F5D6765002173EA /* Project object */;
}
